
Microsoft Visual Studio Solution File, Format Version 12.00
# Visual Studio Version 16
VisualStudioVersion = 16.0.30907.101
MinimumVisualStudioVersion = 10.0.40219.1
Project("{FAE04EC0-301F-11D3-BF4B-00C04F79EFBC}") = "ImageClassifier", "ImageClassifier\ImageClassifier.csproj", "{806908CF-56FB-4C45-8158-E4A1B4F97830}"
EndProject
Global
	GlobalSection(SolutionConfigurationPlatforms) = preSolution
		Debug|Any CPU = Debug|Any CPU
		Release|Any CPU = Release|Any CPU
	EndGlobalSection
	GlobalSection(ProjectConfigurationPlatforms) = postSolution
		{806908CF-56FB-4C45-8158-E4A1B4F97830}.Debug|Any CPU.ActiveCfg = Debug|Any CPU
		{806908CF-56FB-4C45-8158-E4A1B4F97830}.Debug|Any CPU.Build.0 = Debug|Any CPU
		{806908CF-56FB-4C45-8158-E4A1B4F97830}.Release|Any CPU.ActiveCfg = Release|Any CPU
		{806908CF-56FB-4C45-8158-E4A1B4F97830}.Release|Any CPU.Build.0 = Release|Any CPU
	EndGlobalSection
	GlobalSection(SolutionProperties) = preSolution
		HideSolutionNode = FALSE
	EndGlobalSection
	GlobalSection(ExtensibilityGlobals) = postSolution
		SolutionGuid = {C60C8FCF-91C8-4A09-BA34-B59CA34C508F}
	EndGlobalSection
EndGlobal
